<?xml version="1.0" encoding="utf-8"?>
<Project ToolsVersion="4.0" xmlns="http://schemas.microsoft.com/developer/msbuild/2003">
  <ItemGroup>
    <ClCompile Include="src\services\service.cpp" />
    <ClCompile Include="src\services\logger.cpp" />
    <ClCompile Include="src\services\xml.cpp" />
    <ClCompile Include="src\services\logmanager.cpp" />
    <ClCompile Include="src\services\logsettings.cpp" />
    <ClCompile Include="src\services\logsettingsitem.cpp" />
    <ClCompile Include="src\services\runtimeexception.cpp" />
    <ClCompile Include="src\services\servicemanager.cpp" />
    <ClCompile Include="src\services\string.cpp" />
    <ClCompile Include="src\services\tinyxml.cpp" />
    <ClCompile Include="src\services\tinyxmlerror.cpp" />
    <ClCompile Include="src\services\tinyxmlparser.cpp" />
    <ClCompile Include="src\environment\envservice.cpp" />
    <ClCompile Include="src\environment\fileutils.cpp" />
    <ClCompile Include="src\math\mathservice.cpp" />
    <ClCompile Include="src\math\random.cpp" />
    <ClCompile Include="src\media\mediaservice.cpp" />
    <ClCompile Include="src\messaging\messagingservice.cpp" />
    <ClCompile Include="src\objects\multiindexiterator.cpp" />
    <ClCompile Include="src\objects\object.cpp" />
    <ClCompile Include="src\objects\objectfield.cpp" />
    <ClCompile Include="src\objects\objectservice.cpp" />
    <ClCompile Include="src\objects\scale.cpp" />
    <ClCompile Include="src\objects\serializeobject.cpp" />
    <ClCompile Include="src\persisting\persistingservice.cpp" />
    <ClCompile Include="src\testing\testservice.cpp" />
    <ClCompile Include="src\threads\threadhelper.cpp" />
    <ClCompile Include="src\threads\threadservice.cpp" />
    <ClCompile Include="src\threads\timer.cpp" />
    <ClCompile Include="src\platform.cpp" />
    <ClCompile Include="src\media\activesocket.cpp" />
    <ClCompile Include="src\media\socketprotocol.cpp" />
    <ClCompile Include="src\media\sockserver.cpp" />
    <ClCompile Include="src\messaging\message.cpp" />
    <ClCompile Include="src\messaging\xmlcall.cpp" />
    <ClCompile Include="src\messaging\xmlmessage.cpp" />
    <ClCompile Include="src\messaging\messagechannel.cpp" />
    <ClCompile Include="src\messaging\messagepublisher.cpp" />
    <ClCompile Include="src\messaging\messagequeue.cpp" />
    <ClCompile Include="src\messaging\messagesession.cpp" />
    <ClCompile Include="src\messaging\messagesubscription.cpp" />
    <ClCompile Include="src\media\socketlistener.cpp" />
    <ClCompile Include="src\testing\testexecutor.cpp" />
    <ClCompile Include="src\testing\testunit.cpp" />
    <ClCompile Include="src\adminapi\adminapi.cpp" />
    <ClCompile Include="src\adminapi\adminapisocket.cpp" />
    <ClCompile Include="src\media\activesocketconnection.cpp" />
    <ClCompile Include="src\media\listenersocketconnection.cpp" />
    <ClCompile Include="src\media\socketurl.cpp" />
    <ClCompile Include="src\threads\threadpool.cpp" />
    <ClCompile Include="src\threads\threadpoolitem.cpp" />
    <ClCompile Include="src\testing\platform\directchannelstest.cpp" />
    <ClCompile Include="src\testing\platform\enginethreadstest.cpp" />
    <ClCompile Include="src\testing\platform\threadpooltest.cpp" />
    <ClCompile Include="src\threads\threadpoolperformance.cpp" />
    <ClCompile Include="src\threads\threadpoolfixedtasklistitem.cpp" />
    <ClCompile Include="src\threads\threadpooltaskqueueitem.cpp" />
    <ClCompile Include="src\threads\threaddata.cpp" />
    <ClCompile Include="src\services\logdispatcher.cpp" />
    <ClCompile Include="src\scheduler\schedulerservice.cpp" />
    <ClCompile Include="src\scheduler\schedulertask.cpp" />
    <ClCompile Include="src\statistics\statservice.cpp" />
    <ClCompile Include="src\statistics\statmetric.cpp" />
    <ClCompile Include="src\statistics\statlogtask.cpp" />
    <ClCompile Include="src\statistics\statlogrecord.cpp" />
    <ClCompile Include="src\services\templates.cpp" />
    <ClCompile Include="src\environment\envxmldoc.cpp" />
    <ClCompile Include="src\services\serviceset.cpp" />
  </ItemGroup>
  <ItemGroup>
    <ClInclude Include="impl\ah_objects_impl.h" />
    <ClInclude Include="impl\ah_services_impl.h" />
    <ClInclude Include="impl\ah_threads_impl.h" />
    <ClInclude Include="impl\ah_tinyxml.h" />
    <ClInclude Include="include\ah_basetypes.h" />
    <ClInclude Include="include\ah_environment.h" />
    <ClInclude Include="include\ah_logging.h" />
    <ClInclude Include="include\ah_math.h" />
    <ClInclude Include="include\ah_media.h" />
    <ClInclude Include="include\ah_messaging.h" />
    <ClInclude Include="include\ah_objects.h" />
    <ClInclude Include="include\ah_objecttypes.h" />
    <ClInclude Include="include\ah_persisting.h" />
    <ClInclude Include="include\ah_platform.h" />
    <ClInclude Include="include\ah_services.h" />
    <ClInclude Include="include\ah_templates.h" />
    <ClInclude Include="include\ah_testing.h" />
    <ClInclude Include="include\ah_threads.h" />
    <ClInclude Include="impl\ah_media_impl.h" />
    <ClInclude Include="impl\ah_messaging_impl.h" />
    <ClInclude Include="impl\ah_testing_impl.h" />
    <ClInclude Include="impl\ah_adminapi_impl.h" />
    <ClInclude Include="include\ah_adminapi.h" />
    <ClInclude Include="include\ah_scheduler.h" />
    <ClInclude Include="include\ah_statistics.h" />
    <ClInclude Include="impl\ah_statistics_impl.h" />
    <ClInclude Include="impl\ah_scheduler_impl.h" />
    <ClInclude Include="impl\ah_env_impl.h" />
  </ItemGroup>
</Project>